
Microsoft Visual Studio Solution File, Format Version 12.00
# Visual Studio Version 16
VisualStudioVersion = 16.0.30406.217
MinimumVisualStudioVersion = 10.0.40219.1
Project("{FAE04EC0-301F-11D3-BF4B-00C04F79EFBC}") = "Penline scrapper", "Penline scrapper\Penline scrapper.csproj", "{10F2A808-4043-424B-8539-553FD0F50EA3}"
EndProject
Global
	GlobalSection(SolutionConfigurationPlatforms) = preSolution
		Debug|Any CPU = Debug|Any CPU
		Release|Any CPU = Release|Any CPU
	EndGlobalSection
	GlobalSection(ProjectConfigurationPlatforms) = postSolution
		{10F2A808-4043-424B-8539-553FD0F50EA3}.Debug|Any CPU.ActiveCfg = Debug|Any CPU
		{10F2A808-4043-424B-8539-553FD0F50EA3}.Debug|Any CPU.Build.0 = Debug|Any CPU
		{10F2A808-4043-424B-8539-553FD0F50EA3}.Release|Any CPU.ActiveCfg = Release|Any CPU
		{10F2A808-4043-424B-8539-553FD0F50EA3}.Release|Any CPU.Build.0 = Release|Any CPU
	EndGlobalSection
	GlobalSection(SolutionProperties) = preSolution
		HideSolutionNode = FALSE
	EndGlobalSection
	GlobalSection(ExtensibilityGlobals) = postSolution
		SolutionGuid = {DAD849B8-4AD7-4401-95D6-E0DDE7E22806}
	EndGlobalSection
EndGlobal
